PODS:
  - PathKit (0.8.0)
  - Stencil (0.9.0):
    - PathKit (~> 0.8.0)
  - StencilSwiftKit (2.1.0):
    - Stencil (~> 0.9.0)

DEPENDENCIES:
  - Stencil
  - StencilSwiftKit (from `https://github.com/SwiftGen/StencilSwiftKit`)

EXTERNAL SOURCES:
  StencilSwiftKit:
    :git: https://github.com/SwiftGen/StencilSwiftKit

CHECKOUT OPTIONS:
  StencilSwiftKit:
    :commit: fe1e940413b0aae34198f9465bbb34183c7aa0b2
    :git: https://github.com/SwiftGen/StencilSwiftKit

SPEC CHECKSUMS:
  PathKit: dcab05d701474011aae0e40cf892298a831f63d6
  Stencil: 510f0b0518a366b67b6a9c5085a0399741b6d2f9
  StencilSwiftKit: 76100a047f59c3358a3abe0cd5cc99db19a3dcc7

PODFILE CHECKSUM: 910aa7b4b6bcbe527b3b6800c8fe6bc374027140

COCOAPODS: 1.3.1
