PODS:
  - PathKit (0.7.0)
  - Stencil (0.7.1):
    - PathKit (~> 0.7.0)
  - StencilSwiftKit (0.0.1):
    - Stencil (~> 0.7.0)

DEPENDENCIES:
  - Stencil (from `https://github.com/kylef/Stencil`)
  - StencilSwiftKit (from `https://github.com/SwiftGen/StencilSwiftKit`)

EXTERNAL SOURCES:
  Stencil:
    :git: https://github.com/kylef/Stencil
  StencilSwiftKit:
    :git: https://github.com/SwiftGen/StencilSwiftKit

CHECKOUT OPTIONS:
  Stencil:
    :commit: 99efba56e942270780a452e5dcdfa1a839839cf4
    :git: https://github.com/kylef/Stencil
  StencilSwiftKit:
    :commit: 59efee95ce9514e45b2bc6f5b78d3bdffb273a78
    :git: https://github.com/SwiftGen/StencilSwiftKit

SPEC CHECKSUMS:
  PathKit: f8260c3e41bf4d552f3603853e32a5b325a176d4
  Stencil: 4177c0cabcdc40dd9be9b7f701d710d0a121023a
  StencilSwiftKit: e2caece14b65d144da6bbe513a73b01be4833e7b

PODFILE CHECKSUM: af694ce70d27109bd28ecfb95a4370560e111f3a

COCOAPODS: 1.2.0.beta.3
